
Microsoft Visual Studio Solution File, Format Version 12.00
# Visual Studio Version 17
VisualStudioVersion = 17.12.35527.113 d17.12
MinimumVisualStudioVersion = 10.0.40219.1
Project("{FAE04EC0-301F-11D3-BF4B-00C04F79EFBC}") = "FizzBuzzKata", "FizzBuzzKata.csproj", "{36E246FE-40B0-4C86-ABF9-B1DCE4E3A403}"
EndProject
Project("{FAE04EC0-301F-11D3-BF4B-00C04F79EFBC}") = "FizzBuzzKata.Core", "FizzBuzzKata.Core\FizzBuzzKata.Core.csproj", "{5064CB2A-5A18-4098-8491-54BCDC808BF8}"
EndProject
Project("{FAE04EC0-301F-11D3-BF4B-00C04F79EFBC}") = "FizzBuzzKata.Tests", "FizzBuzzKata.Tests\FizzBuzzKata.Tests.csproj", "{73052EF9-B750-4132-9CD6-F2B2592AFEF1}"
EndProject
Global
	GlobalSection(SolutionConfigurationPlatforms) = preSolution
		Debug|Any CPU = Debug|Any CPU
		Release|Any CPU = Release|Any CPU
	EndGlobalSection
	GlobalSection(ProjectConfigurationPlatforms) = postSolution
		{36E246FE-40B0-4C86-ABF9-B1DCE4E3A403}.Debug|Any CPU.ActiveCfg = Debug|Any CPU
		{36E246FE-40B0-4C86-ABF9-B1DCE4E3A403}.Debug|Any CPU.Build.0 = Debug|Any CPU
		{36E246FE-40B0-4C86-ABF9-B1DCE4E3A403}.Release|Any CPU.ActiveCfg = Release|Any CPU
		{36E246FE-40B0-4C86-ABF9-B1DCE4E3A403}.Release|Any CPU.Build.0 = Release|Any CPU
		{5064CB2A-5A18-4098-8491-54BCDC808BF8}.Debug|Any CPU.ActiveCfg = Debug|Any CPU
		{5064CB2A-5A18-4098-8491-54BCDC808BF8}.Debug|Any CPU.Build.0 = Debug|Any CPU
		{5064CB2A-5A18-4098-8491-54BCDC808BF8}.Release|Any CPU.ActiveCfg = Release|Any CPU
		{5064CB2A-5A18-4098-8491-54BCDC808BF8}.Release|Any CPU.Build.0 = Release|Any CPU
		{73052EF9-B750-4132-9CD6-F2B2592AFEF1}.Debug|Any CPU.ActiveCfg = Debug|Any CPU
		{73052EF9-B750-4132-9CD6-F2B2592AFEF1}.Debug|Any CPU.Build.0 = Debug|Any CPU
		{73052EF9-B750-4132-9CD6-F2B2592AFEF1}.Release|Any CPU.ActiveCfg = Release|Any CPU
		{73052EF9-B750-4132-9CD6-F2B2592AFEF1}.Release|Any CPU.Build.0 = Release|Any CPU
	EndGlobalSection
	GlobalSection(SolutionProperties) = preSolution
		HideSolutionNode = FALSE
	EndGlobalSection
EndGlobal
